
Microsoft Visual Studio Solution File, Format Version 11.00
# Visual Studio 2010
Project("{FAE04EC0-301F-11D3-BF4B-00C04F79EFBC}") = "lifesaver", "Assembly-CSharp-firstpass.csproj", "{5F818AE0-0515-C0E2-3C78-F1C32E60C837}"
EndProject
Project("{FAE04EC0-301F-11D3-BF4B-00C04F79EFBC}") = "lifesaver", "Assembly-CSharp.csproj", "{F3A44B9B-CC0F-A22C-DB25-0DFA1CCBC662}"
EndProject
Project("{FAE04EC0-301F-11D3-BF4B-00C04F79EFBC}") = "lifesaver", "Assembly-CSharp-Editor-firstpass.csproj", "{D03F4AF0-2A1A-07A9-81CD-D097EF840D4F}"
EndProject
Global
	GlobalSection(SolutionConfigurationPlatforms) = preSolution
		Debug|Any CPU = Debug|Any CPU
		Release|Any CPU = Release|Any CPU
	EndGlobalSection
	GlobalSection(ProjectConfigurationPlatforms) = postSolution
		{5F818AE0-0515-C0E2-3C78-F1C32E60C837}.Debug|Any CPU.ActiveCfg = Debug|Any CPU
		{5F818AE0-0515-C0E2-3C78-F1C32E60C837}.Debug|Any CPU.Build.0 = Debug|Any CPU
		{5F818AE0-0515-C0E2-3C78-F1C32E60C837}.Release|Any CPU.ActiveCfg = Release|Any CPU
		{5F818AE0-0515-C0E2-3C78-F1C32E60C837}.Release|Any CPU.Build.0 = Release|Any CPU
		{F3A44B9B-CC0F-A22C-DB25-0DFA1CCBC662}.Debug|Any CPU.ActiveCfg = Debug|Any CPU
		{F3A44B9B-CC0F-A22C-DB25-0DFA1CCBC662}.Debug|Any CPU.Build.0 = Debug|Any CPU
		{F3A44B9B-CC0F-A22C-DB25-0DFA1CCBC662}.Release|Any CPU.ActiveCfg = Release|Any CPU
		{F3A44B9B-CC0F-A22C-DB25-0DFA1CCBC662}.Release|Any CPU.Build.0 = Release|Any CPU
		{D03F4AF0-2A1A-07A9-81CD-D097EF840D4F}.Debug|Any CPU.ActiveCfg = Debug|Any CPU
		{D03F4AF0-2A1A-07A9-81CD-D097EF840D4F}.Debug|Any CPU.Build.0 = Debug|Any CPU
		{D03F4AF0-2A1A-07A9-81CD-D097EF840D4F}.Release|Any CPU.ActiveCfg = Release|Any CPU
		{D03F4AF0-2A1A-07A9-81CD-D097EF840D4F}.Release|Any CPU.Build.0 = Release|Any CPU
	EndGlobalSection
	GlobalSection(SolutionProperties) = preSolution
		HideSolutionNode = FALSE
	EndGlobalSection
	GlobalSection(MonoDevelopProperties) = preSolution
		StartupItem = Assembly-CSharp.csproj
	EndGlobalSection
EndGlobal
